// !$*UTF8*$!
{
	archiveVersion = 1;
	classes = {
	};
	objectVersion = 46;
	objects = {

/* Begin PBXBuildFile section */
		3813415A1AE2155F002BA82A /* main.m in Sources */ = {isa = PBXBuildFile; fileRef = 381341591AE2155F002BA82A /* main.m */; };
		3813415D1AE2155F002BA82A /* AppDelegate.m in Sources */ = {isa = PBXBuildFile; fileRef = 3813415C1AE2155F002BA82A /* AppDelegate.m */; };
		381341601AE2155F002BA82A /* ViewController.m in Sources */ = {isa = PBXBuildFile; fileRef = 3813415F1AE2155F002BA82A /* ViewController.m */; };
		381341631AE2155F002BA82A /* Main.storyboard in Resources */ = {isa = PBXBuildFile; fileRef = 381341611AE2155F002BA82A /* Main.storyboard */; };
		381341651AE2155F002BA82A /* Images.xcassets in Resources */ = {isa = PBXBuildFile; fileRef = 381341641AE2155F002BA82A /* Images.xcassets */; };
		381341681AE2155F002BA82A /* LaunchScreen.xib in Resources */ = {isa = PBXBuildFile; fileRef = 381341661AE2155F002BA82A /* LaunchScreen.xib */; };
		381341741AE2155F002BA82A /* TableTests.m in Sources */ = {isa = PBXBuildFile; fileRef = 381341731AE2155F002BA82A /* TableTests.m */; };
/* End PBXBuildFile section */

/* Begin PBXContainerItemProxy section */
		3813416E1AE2155F002BA82A /* PBXContainerItemProxy */ = {
			isa = PBXContainerItemProxy;
			containerPortal = 3813414C1AE2155F002BA82A /* Project object */;
			proxyType = 1;
			remoteGlobalIDString = 381341531AE2155F002BA82A;
			remoteInfo = Table;
		};
/* End PBXContainerItemProxy section */

/* Begin PBXFileReference section */
		381341541AE2155F002BA82A /* Table.app */ = {isa = PBXFileReference; explicitFileType = wrapper.application; includeInIndex = 0; path = Table.app; sourceTree = BUILT_PRODUCTS_DIR; };
		381341581AE2155F002BA82A /* Info.plist */ = {isa = PBXFileReference; lastKnownFileType = text.plist.xml; path = Info.plist; sourceTree = "<group>"; };
		381341591AE2155F002BA82A /* main.m */ = {isa = PBXFileReference; lastKnownFileType = sourcecode.c.objc; path = main.m; sourceTree = "<group>"; };
		3813415B1AE2155F002BA82A /* AppDelegate.h */ = {isa = PBXFileReference; lastKnownFileType = sourcecode.c.h; path = AppDelegate.h; sourceTree = "<group>"; };
		3813415C1AE2155F002BA82A /* AppDelegate.m */ = {isa = PBXFileReference; lastKnownFileType = sourcecode.c.objc; path = AppDelegate.m; sourceTree = "<group>"; };
		3813415E1AE2155F002BA82A /* ViewController.h */ = {isa = PBXFileReference; lastKnownFileType = sourcecode.c.h; path = ViewController.h; sourceTree = "<group>"; };
		3813415F1AE2155F002BA82A /* ViewController.m */ = {isa = PBXFileReference; lastKnownFileType = sourcecode.c.objc; path = ViewController.m; sourceTree = "<group>"; };
		381341621AE2155F002BA82A /* Base */ = {isa = PBXFileReference; lastKnownFileType = file.storyboard; name = Base; path = Base.lproj/Main.storyboard; sourceTree = "<group>"; };
		381341641AE2155F002BA82A /* Images.xcassets */ = {isa = PBXFileReference; lastKnownFileType = folder.assetcatalog; path = Images.xcassets; sourceTree = "<group>"; };
		381341671AE2155F002BA82A /* Base */ = {isa = PBXFileReference; lastKnownFileType = file.xib; name = Base; path = Base.lproj/LaunchScreen.xib; sourceTree = "<group>"; };
		3813416D1AE2155F002BA82A /* TableTests.xctest */ = {isa = PBXFileReference; explicitFileType = wrapper.cfbundle; includeInIndex = 0; path = TableTests.xctest; sourceTree = BUILT_PRODUCTS_DIR; };
		381341721AE2155F002BA82A /* Info.plist */ = {isa = PBXFileReference; lastKnownFileType = text.plist.xml; path = Info.plist; sourceTree = "<group>"; };
		381341731AE2155F002BA82A /* TableTests.m */ = {isa = PBXFileReference; lastKnownFileType = sourcecode.c.objc; path = TableTests.m; sourceTree = "<group>"; };
/* End PBXFileReference section */

/* Begin PBXFrameworksBuildPhase section */
		381341511AE2155F002BA82A /* Frameworks */ = {
			isa = PBXFrameworksBuildPhase;
			buildActionMask = 2147483647;
			files = (
			);
			runOnlyForDeploymentPostprocessing = 0;
		};
		3813416A1AE2155F002BA82A /* Frameworks */ = {
			isa = PBXFrameworksBuildPhase;
			buildActionMask = 2147483647;
			files = (
			);
			runOnlyForDeploymentPostprocessing = 0;
		};
/* End PBXFrameworksBuildPhase section */

/* Begin PBXGroup section */
		3813414B1AE2155F002BA82A = {
			isa = PBXGroup;
			children = (
				381341561AE2155F002BA82A /* Table */,
				381341701AE2155F002BA82A /* TableTests */,
				381341551AE2155F002BA82A /* Products */,
			);
			sourceTree = "<group>";
		};
		381341551AE2155F002BA82A /* Products */ = {
			isa = PBXGroup;
			children = (
				381341541AE2155F002BA82A /* Table.app */,
				3813416D1AE2155F002BA82A /* TableTests.xctest */,
			);
			name = Products;
			sourceTree = "<group>";
		};
		381341561AE2155F002BA82A /* Table */ = {
			isa = PBXGroup;
			children = (
				3813415B1AE2155F002BA82A /* AppDelegate.h */,
				3813415C1AE2155F002BA82A /* AppDelegate.m */,
				3813415E1AE2155F002BA82A /* ViewController.h */,
				3813415F1AE2155F002BA82A /* ViewController.m */,
				381341611AE2155F002BA82A /* Main.storyboard */,
				381341641AE2155F002BA82A /* Images.xcassets */,
				381341661AE2155F002BA82A /* LaunchScreen.xib */,
				381341571AE2155F002BA82A /* Supporting Files */,
			);
			path = Table;
			sourceTree = "<group>";
		};
		381341571AE2155F002BA82A /* Supporting Files */ = {
			isa = PBXGroup;
			children = (
				381341581AE2155F002BA82A /* Info.plist */,
				381341591AE2155F002BA82A /* main.m */,
			);
			name = "Supporting Files";
			sourceTree = "<group>";
		};
		381341701AE2155F002BA82A /* TableTests */ = {
			isa = PBXGroup;
			children = (
				381341731AE2155F002BA82A /* TableTests.m */,
				381341711AE2155F002BA82A /* Supporting Files */,
			);
			path = TableTests;
			sourceTree = "<group>";
		};
		381341711AE2155F002BA82A /* Supporting Files */ = {
			isa = PBXGroup;
			children = (
				381341721AE2155F002BA82A /* Info.plist */,
			);
			name = "Supporting Files";
			sourceTree = "<group>";
		};
/* End PBXGroup section */

/* Begin PBXNativeTarget section */
		381341531AE2155F002BA82A /* Table */ = {
			isa = PBXNativeTarget;
			buildConfigurationList = 381341771AE2155F002BA82A /* Build configuration list for PBXNativeTarget "Table" */;
			buildPhases = (
				381341501AE2155F002BA82A /* Sources */,
				381341511AE2155F002BA82A /* Frameworks */,
				381341521AE2155F002BA82A /* Resources */,
			);
			buildRules = (
			);
			dependencies = (
			);
			name = Table;
			productName = Table;
			productReference = 381341541AE2155F002BA82A /* Table.app */;
			productType = "com.apple.product-type.application";
		};
		3813416C1AE2155F002BA82A /* TableTests */ = {
			isa = PBXNativeTarget;
			buildConfigurationList = 3813417A1AE2155F002BA82A /* Build configuration list for PBXNativeTarget "TableTests" */;
			buildPhases = (
				381341691AE2155F002BA82A /* Sources */,
				3813416A1AE2155F002BA82A /* Frameworks */,
				3813416B1AE2155F002BA82A /* Resources */,
			);
			buildRules = (
			);
			dependencies = (
				3813416F1AE2155F002BA82A /* PBXTargetDependency */,
			);
			name = TableTests;
			productName = TableTests;
			productReference = 3813416D1AE2155F002BA82A /* TableTests.xctest */;
			productType = "com.apple.product-type.bundle.unit-test";
		};
/* End PBXNativeTarget section */

/* Begin PBXProject section */
		3813414C1AE2155F002BA82A /* Project object */ = {
			isa = PBXProject;
			attributes = {
				LastUpgradeCheck = 0610;
				ORGANIZATIONNAME = edutech;
				TargetAttributes = {
					381341531AE2155F002BA82A = {
						CreatedOnToolsVersion = 6.1.1;
					};
					3813416C1AE2155F002BA82A = {
						CreatedOnToolsVersion = 6.1.1;
						TestTargetID = 381341531AE2155F002BA82A;
					};
				};
			};
			buildConfigurationList = 3813414F1AE2155F002BA82A /* Build configuration list for PBXProject "Table" */;
			compatibilityVersion = "Xcode 3.2";
			developmentRegion = English;
			hasScannedForEncodings = 0;
			knownRegions = (
				en,
				Base,
			);
			mainGroup = 3813414B1AE2155F002BA82A;
			productRefGroup = 381341551AE2155F002BA82A /* Products */;
			projectDirPath = "";
			projectRoot = "";
			targets = (
				381341531AE2155F002BA82A /* Table */,
				3813416C1AE2155F002BA82A /* TableTests */,
			);
		};
/* End PBXProject section */

/* Begin PBXResourcesBuildPhase section */
		381341521AE2155F002BA82A /* Resources */ = {
			isa = PBXResourcesBuildPhase;
			buildActionMask = 2147483647;
			files = (
				381341631AE2155F002BA82A /* Main.storyboard in Resources */,
				381341681AE2155F002BA82A /* LaunchScreen.xib in Resources */,
				381341651AE2155F002BA82A /* Images.xcassets in Resources */,
			);
			runOnlyForDeploymentPostprocessing = 0;
		};
		3813416B1AE2155F002BA82A /* Resources */ = {
			isa = PBXResourcesBuildPhase;
			buildActionMask = 2147483647;
			files = (
			);
			runOnlyForDeploymentPostprocessing = 0;
		};
/* End PBXResourcesBuildPhase section */

/* Begin PBXSourcesBuildPhase section */
		381341501AE2155F002BA82A /* Sources */ = {
			isa = PBXSourcesBuildPhase;
			buildActionMask = 2147483647;
			files = (
				381341601AE2155F002BA82A /* ViewController.m in Sources */,
				3813415D1AE2155F002BA82A /* AppDelegate.m in Sources */,
				3813415A1AE2155F002BA82A /* main.m in Sources */,
			);
			runOnlyForDeploymentPostprocessing = 0;
		};
		381341691AE2155F002BA82A /* Sources */ = {
			isa = PBXSourcesBuildPhase;
			buildActionMask = 2147483647;
			files = (
				381341741AE2155F002BA82A /* TableTests.m in Sources */,
			);
			runOnlyForDeploymentPostprocessing = 0;
		};
/* End PBXSourcesBuildPhase section */

/* Begin PBXTargetDependency section */
		3813416F1AE2155F002BA82A /* PBXTargetDependency */ = {
			isa = PBXTargetDependency;
			target = 381341531AE2155F002BA82A /* Table */;
			targetProxy = 3813416E1AE2155F002BA82A /* PBXContainerItemProxy */;
		};
/* End PBXTargetDependency section */

/* Begin PBXVariantGroup section */
		381341611AE2155F002BA82A /* Main.storyboard */ = {
			isa = PBXVariantGroup;
			children = (
				381341621AE2155F002BA82A /* Base */,
			);
			name = Main.storyboard;
			sourceTree = "<group>";
		};
		381341661AE2155F002BA82A /* LaunchScreen.xib */ = {
			isa = PBXVariantGroup;
			children = (
				381341671AE2155F002BA82A /* Base */,
			);
			name = LaunchScreen.xib;
			sourceTree = "<group>";
		};
/* End PBXVariantGroup section */

/* Begin XCBuildConfiguration section */
		381341751AE2155F002BA82A /* Debug */ = {
			isa = XCBuildConfiguration;
			buildSettings = {
				ALWAYS_SEARCH_USER_PATHS = NO;
				CLANG_CXX_LANGUAGE_STANDARD = "gnu++0x";
				CLANG_CXX_LIBRARY = "libc++";
				CLANG_ENABLE_MODULES = YES;
				CLANG_ENABLE_OBJC_ARC = YES;
				CLANG_WARN_BOOL_CONVERSION = YES;
				CLANG_WARN_CONSTANT_CONVERSION = YES;
				CLANG_WARN_DIRECT_OBJC_ISA_USAGE = YES_ERROR;
				CLANG_WARN_EMPTY_BODY = YES;
				CLANG_WARN_ENUM_CONVERSION = YES;
				CLANG_WARN_INT_CONVERSION = YES;
				CLANG_WARN_OBJC_ROOT_CLASS = YES_ERROR;
				CLANG_WARN_UNREACHABLE_CODE = YES;
				CLANG_WARN__DUPLICATE_METHOD_MATCH = YES;
				"CODE_SIGN_IDENTITY[sdk=iphoneos*]" = "iPhone Developer";
				COPY_PHASE_STRIP = NO;
				ENABLE_STRICT_OBJC_MSGSEND = YES;
				GCC_C_LANGUAGE_STANDARD = gnu99;
				GCC_DYNAMIC_NO_PIC = NO;
				GCC_OPTIMIZATION_LEVEL = 0;
				GCC_PREPROCESSOR_DEFINITIONS = (
					"DEBUG=1",
					"$(inherited)",
				);
				GCC_SYMBOLS_PRIVATE_EXTERN = NO;
				GCC_WARN_64_TO_32_BIT_CONVERSION = YES;
				GCC_WARN_ABOUT_RETURN_TYPE = YES_ERROR;
				GCC_WARN_UNDECLARED_SELECTOR = YES;
				GCC_WARN_UNINITIALIZED_AUTOS = YES_AGGRESSIVE;
				GCC_WARN_UNUSED_FUNCTION = YES;
				GCC_WARN_UNUSED_VARIABLE = YES;
				IPHONEOS_DEPLOYMENT_TARGET = 8.1;
				MTL_ENABLE_DEBUG_INFO = YES;
				ONLY_ACTIVE_ARCH = YES;
				SDKROOT = iphoneos;
				TARGETED_DEVICE_FAMILY = "1,2";
			};
			name = Debug;
		};
		381341761AE2155F002BA82A /* Release */ = {
			isa = XCBuildConfiguration;
			buildSettings = {
				ALWAYS_SEARCH_USER_PATHS = NO;
				CLANG_CXX_LANGUAGE_STANDARD = "gnu++0x";
				CLANG_CXX_LIBRARY = "libc++";
				CLANG_ENABLE_MODULES = YES;
				CLANG_ENABLE_OBJC_ARC = YES;
				CLANG_WARN_BOOL_CONVERSION = YES;
				CLANG_WARN_CONSTANT_CONVERSION = YES;
				CLANG_WARN_DIRECT_OBJC_ISA_USAGE = YES_ERROR;
				CLANG_WARN_EMPTY_BODY = YES;
				CLANG_WARN_ENUM_CONVERSION = YES;
				CLANG_WARN_INT_CONVERSION = YES;
				CLANG_WARN_OBJC_ROOT_CLASS = YES_ERROR;
				CLANG_WARN_UNREACHABLE_CODE = YES;
				CLANG_WARN__DUPLICATE_METHOD_MATCH = YES;
				"CODE_SIGN_IDENTITY[sdk=iphoneos*]" = "iPhone Developer";
				COPY_PHASE_STRIP = YES;
				ENABLE_NS_ASSERTIONS = NO;
				ENABLE_STRICT_OBJC_MSGSEND = YES;
				GCC_C_LANGUAGE_STANDARD = gnu99;
				GCC_WARN_64_TO_32_BIT_CONVERSION = YES;
				GCC_WARN_ABOUT_RETURN_TYPE = YES_ERROR;
				GCC_WARN_UNDECLARED_SELECTOR = YES;
				GCC_WARN_UNINITIALIZED_AUTOS = YES_AGGRESSIVE;
				GCC_WARN_UNUSED_FUNCTION = YES;
				GCC_WARN_UNUSED_VARIABLE = YES;
				IPHONEOS_DEPLOYMENT_TARGET = 8.1;
				MTL_ENABLE_DEBUG_INFO = NO;
				SDKROOT = iphoneos;
				TARGETED_DEVICE_FAMILY = "1,2";
				VALIDATE_PRODUCT = YES;
			};
			name = Release;
		};
		381341781AE2155F002BA82A /* Debug */ = {
			isa = XCBuildConfiguration;
			buildSettings = {
				ASSETCATALOG_COMPILER_APPICON_NAME = AppIcon;
				INFOPLIST_FILE = Table/Info.plist;
				LD_RUNPATH_SEARCH_PATHS = "$(inherited) @executable_path/Frameworks";
				PRODUCT_NAME = "$(TARGET_NAME)";
			};
			name = Debug;
		};
		381341791AE2155F002BA82A /* Release */ = {
			isa = XCBuildConfiguration;
			buildSettings = {
				ASSETCATALOG_COMPILER_APPICON_NAME = AppIcon;
				INFOPLIST_FILE = Table/Info.plist;
				LD_RUNPATH_SEARCH_PATHS = "$(inherited) @executable_path/Frameworks";
				PRODUCT_NAME = "$(TARGET_NAME)";
			};
			name = Release;
		};
		3813417B1AE2155F002BA82A /* Debug */ = {
			isa = XCBuildConfiguration;
			buildSettings = {
				BUNDLE_LOADER = "$(TEST_HOST)";
				FRAMEWORK_SEARCH_PATHS = (
					"$(SDKROOT)/Developer/Library/Frameworks",
					"$(inherited)",
				);
				GCC_PREPROCESSOR_DEFINITIONS = (
					"DEBUG=1",
					"$(inherited)",
				);
				INFOPLIST_FILE = TableTests/Info.plist;
				LD_RUNPATH_SEARCH_PATHS = "$(inherited) @executable_path/Frameworks @loader_path/Frameworks";
				PRODUCT_NAME = "$(TARGET_NAME)";
				TEST_HOST = "$(BUILT_PRODUCTS_DIR)/Table.app/Table";
			};
			name = Debug;
		};
		3813417C1AE2155F002BA82A /* Release */ = {
			isa = XCBuildConfiguration;
			buildSettings = {
				BUNDLE_LOADER = "$(TEST_HOST)";
				FRAMEWORK_SEARCH_PATHS = (
					"$(SDKROOT)/Developer/Library/Frameworks",
					"$(inherited)",
				);
				INFOPLIST_FILE = TableTests/Info.plist;
				LD_RUNPATH_SEARCH_PATHS = "$(inherited) @executable_path/Frameworks @loader_path/Frameworks";
				PRODUCT_NAME = "$(TARGET_NAME)";
				TEST_HOST = "$(BUILT_PRODUCTS_DIR)/Table.app/Table";
			};
			name = Release;
		};
/* End XCBuildConfiguration section */

/* Begin XCConfigurationList section */
		3813414F1AE2155F002BA82A /* Build configuration list for PBXProject "Table" */ = {
			isa = XCConfigurationList;
			buildConfigurations = (
				381341751AE2155F002BA82A /* Debug */,
				381341761AE2155F002BA82A /* Release */,
			);
			defaultConfigurationIsVisible = 0;
			defaultConfigurationName = Release;
		};
		381341771AE2155F002BA82A /* Build configuration list for PBXNativeTarget "Table" */ = {
			isa = XCConfigurationList;
			buildConfigurations = (
				381341781AE2155F002BA82A /* Debug */,
				381341791AE2155F002BA82A /* Release */,
			);
			defaultConfigurationIsVisible = 0;
		};
		3813417A1AE2155F002BA82A /* Build configuration list for PBXNativeTarget "TableTests" */ = {
			isa = XCConfigurationList;
			buildConfigurations = (
				3813417B1AE2155F002BA82A /* Debug */,
				3813417C1AE2155F002BA82A /* Release */,
			);
			defaultConfigurationIsVisible = 0;
		};
/* End XCConfigurationList section */
	};
	rootObject = 3813414C1AE2155F002BA82A /* Project object */;
}
